
Microsoft Visual Studio Solution File, Format Version 12.00
# Visual Studio Version 17
VisualStudioVersion = 17.7.34031.279
MinimumVisualStudioVersion = 10.0.40219.1
Project("{FAE04EC0-301F-11D3-BF4B-00C04F79EFBC}") = "Lab1", "WebApplication1\Lab1.csproj", "{A1E1B24C-6017-494B-BC0A-0C7B8DF9A8CD}"
EndProject
Global
	GlobalSection(SolutionConfigurationPlatforms) = preSolution
		Debug|Any CPU = Debug|Any CPU
		Release|Any CPU = Release|Any CPU
	EndGlobalSection
	GlobalSection(ProjectConfigurationPlatforms) = postSolution
		{A1E1B24C-6017-494B-BC0A-0C7B8DF9A8CD}.Debug|Any CPU.ActiveCfg = Debug|Any CPU
		{A1E1B24C-6017-494B-BC0A-0C7B8DF9A8CD}.Debug|Any CPU.Build.0 = Debug|Any CPU
		{A1E1B24C-6017-494B-BC0A-0C7B8DF9A8CD}.Release|Any CPU.ActiveCfg = Release|Any CPU
		{A1E1B24C-6017-494B-BC0A-0C7B8DF9A8CD}.Release|Any CPU.Build.0 = Release|Any CPU
	EndGlobalSection
	GlobalSection(SolutionProperties) = preSolution
		HideSolutionNode = FALSE
	EndGlobalSection
	GlobalSection(ExtensibilityGlobals) = postSolution
		SolutionGuid = {7E7273A5-72DC-46A4-951A-18591CE956C6}
	EndGlobalSection
EndGlobal
